// !$*UTF8*$!
{
	archiveVersion = 1;
	classes = {
	};
	objectVersion = 56;
	objects = {

/* Begin PBXBuildFile section */
		93D7669ACBEF92ADFE325376 /* Pods_Parent_Native_iOS.framework in Frameworks */ = {isa = PBXBuildFile; fileRef = 36094C071112762F16045B59 /* Pods_Parent_Native_iOS.framework */; };
		CA6E75522AB08771006E4AF6 /* MethodChannelConstant.swift in Sources */ = {isa = PBXBuildFile; fileRef = CA6E75512AB08771006E4AF6 /* MethodChannelConstant.swift */; };
		CA6E75542AB088FA006E4AF6 /* UserInfo.swift in Sources */ = {isa = PBXBuildFile; fileRef = CA6E75532AB088FA006E4AF6 /* UserInfo.swift */; };
		CABDCEDC2AA762F30037C69E /* AppDelegate.swift in Sources */ = {isa = PBXBuildFile; fileRef = CABDCEDB2AA762F30037C69E /* AppDelegate.swift */; };
		CABDCEDE2AA762F30037C69E /* SceneDelegate.swift in Sources */ = {isa = PBXBuildFile; fileRef = CABDCEDD2AA762F30037C69E /* SceneDelegate.swift */; };
		CABDCEE02AA762F30037C69E /* ViewController.swift in Sources */ = {isa = PBXBuildFile; fileRef = CABDCEDF2AA762F30037C69E /* ViewController.swift */; };
		CABDCEE32AA762F30037C69E /* Main.storyboard in Resources */ = {isa = PBXBuildFile; fileRef = CABDCEE12AA762F30037C69E /* Main.storyboard */; };
		CABDCEE52AA762F40037C69E /* Assets.xcassets in Resources */ = {isa = PBXBuildFile; fileRef = CABDCEE42AA762F40037C69E /* Assets.xcassets */; };
		CABDCEE82AA762F40037C69E /* LaunchScreen.storyboard in Resources */ = {isa = PBXBuildFile; fileRef = CABDCEE62AA762F40037C69E /* LaunchScreen.storyboard */; };
/* End PBXBuildFile section */

/* Begin PBXFileReference section */
		32098D5E8866BC46F9615BD9 /* Pods-Parent_Native_iOS.release.xcconfig */ = {isa = PBXFileReference; includeInIndex = 1; lastKnownFileType = text.xcconfig; name = "Pods-Parent_Native_iOS.release.xcconfig"; path = "Target Support Files/Pods-Parent_Native_iOS/Pods-Parent_Native_iOS.release.xcconfig"; sourceTree = "<group>"; };
		36094C071112762F16045B59 /* Pods_Parent_Native_iOS.framework */ = {isa = PBXFileReference; explicitFileType = wrapper.framework; includeInIndex = 0; path = Pods_Parent_Native_iOS.framework; sourceTree = BUILT_PRODUCTS_DIR; };
		701205B51D94F642629FEA78 /* Pods-Parent_Native_iOS.debug.xcconfig */ = {isa = PBXFileReference; includeInIndex = 1; lastKnownFileType = text.xcconfig; name = "Pods-Parent_Native_iOS.debug.xcconfig"; path = "Target Support Files/Pods-Parent_Native_iOS/Pods-Parent_Native_iOS.debug.xcconfig"; sourceTree = "<group>"; };
		CA6E75512AB08771006E4AF6 /* MethodChannelConstant.swift */ = {isa = PBXFileReference; lastKnownFileType = sourcecode.swift; path = MethodChannelConstant.swift; sourceTree = "<group>"; };
		CA6E75532AB088FA006E4AF6 /* UserInfo.swift */ = {isa = PBXFileReference; lastKnownFileType = sourcecode.swift; path = UserInfo.swift; sourceTree = "<group>"; };
		CABDCED82AA762F30037C69E /* Parent_Native_iOS.app */ = {isa = PBXFileReference; explicitFileType = wrapper.application; includeInIndex = 0; path = Parent_Native_iOS.app; sourceTree = BUILT_PRODUCTS_DIR; };
		CABDCEDB2AA762F30037C69E /* AppDelegate.swift */ = {isa = PBXFileReference; lastKnownFileType = sourcecode.swift; path = AppDelegate.swift; sourceTree = "<group>"; };
		CABDCEDD2AA762F30037C69E /* SceneDelegate.swift */ = {isa = PBXFileReference; lastKnownFileType = sourcecode.swift; path = SceneDelegate.swift; sourceTree = "<group>"; };
		CABDCEDF2AA762F30037C69E /* ViewController.swift */ = {isa = PBXFileReference; lastKnownFileType = sourcecode.swift; path = ViewController.swift; sourceTree = "<group>"; };
		CABDCEE22AA762F30037C69E /* Base */ = {isa = PBXFileReference; lastKnownFileType = file.storyboard; name = Base; path = Base.lproj/Main.storyboard; sourceTree = "<group>"; };
		CABDCEE42AA762F40037C69E /* Assets.xcassets */ = {isa = PBXFileReference; lastKnownFileType = folder.assetcatalog; path = Assets.xcassets; sourceTree = "<group>"; };
		CABDCEE72AA762F40037C69E /* Base */ = {isa = PBXFileReference; lastKnownFileType = file.storyboard; name = Base; path = Base.lproj/LaunchScreen.storyboard; sourceTree = "<group>"; };
		CABDCEE92AA762F40037C69E /* Info.plist */ = {isa = PBXFileReference; lastKnownFileType = text.plist.xml; path = Info.plist; sourceTree = "<group>"; };
		CABDCEEF2AA763F80037C69E /* .gitignore */ = {isa = PBXFileReference; lastKnownFileType = text; path = .gitignore; sourceTree = "<group>"; };
/* End PBXFileReference section */

/* Begin PBXFrameworksBuildPhase section */
		CABDCED52AA762F30037C69E /* Frameworks */ = {
			isa = PBXFrameworksBuildPhase;
			buildActionMask = 2147483647;
			files = (
				93D7669ACBEF92ADFE325376 /* Pods_Parent_Native_iOS.framework in Frameworks */,
			);
			runOnlyForDeploymentPostprocessing = 0;
		};
/* End PBXFrameworksBuildPhase section */

/* Begin PBXGroup section */
		08EC23C42CF7B8CC43A9D23C /* Frameworks */ = {
			isa = PBXGroup;
			children = (
				36094C071112762F16045B59 /* Pods_Parent_Native_iOS.framework */,
			);
			name = Frameworks;
			sourceTree = "<group>";
		};
		75F6A674456CCD9789D06803 /* Pods */ = {
			isa = PBXGroup;
			children = (
				701205B51D94F642629FEA78 /* Pods-Parent_Native_iOS.debug.xcconfig */,
				32098D5E8866BC46F9615BD9 /* Pods-Parent_Native_iOS.release.xcconfig */,
			);
			path = Pods;
			sourceTree = "<group>";
		};
		CA6E75502AB08723006E4AF6 /* FlutterCommunication */ = {
			isa = PBXGroup;
			children = (
				CA6E75512AB08771006E4AF6 /* MethodChannelConstant.swift */,
				CA6E75532AB088FA006E4AF6 /* UserInfo.swift */,
			);
			path = FlutterCommunication;
			sourceTree = "<group>";
		};
		CABDCECF2AA762F30037C69E = {
			isa = PBXGroup;
			children = (
				CABDCEEF2AA763F80037C69E /* .gitignore */,
				CABDCEDA2AA762F30037C69E /* Parent_Native_iOS */,
				CABDCED92AA762F30037C69E /* Products */,
				75F6A674456CCD9789D06803 /* Pods */,
				08EC23C42CF7B8CC43A9D23C /* Frameworks */,
			);
			sourceTree = "<group>";
		};
		CABDCED92AA762F30037C69E /* Products */ = {
			isa = PBXGroup;
			children = (
				CABDCED82AA762F30037C69E /* Parent_Native_iOS.app */,
			);
			name = Products;
			sourceTree = "<group>";
		};
		CABDCEDA2AA762F30037C69E /* Parent_Native_iOS */ = {
			isa = PBXGroup;
			children = (
				CA6E75502AB08723006E4AF6 /* FlutterCommunication */,
				CABDCEDB2AA762F30037C69E /* AppDelegate.swift */,
				CABDCEDD2AA762F30037C69E /* SceneDelegate.swift */,
				CABDCEDF2AA762F30037C69E /* ViewController.swift */,
				CABDCEE12AA762F30037C69E /* Main.storyboard */,
				CABDCEE42AA762F40037C69E /* Assets.xcassets */,
				CABDCEE62AA762F40037C69E /* LaunchScreen.storyboard */,
				CABDCEE92AA762F40037C69E /* Info.plist */,
			);
			path = Parent_Native_iOS;
			sourceTree = "<group>";
		};
/* End PBXGroup section */

/* Begin PBXNativeTarget section */
		CABDCED72AA762F30037C69E /* Parent_Native_iOS */ = {
			isa = PBXNativeTarget;
			buildConfigurationList = CABDCEEC2AA762F40037C69E /* Build configuration list for PBXNativeTarget "Parent_Native_iOS" */;
			buildPhases = (
				442D157606EBCD2CF91B0B4D /* [CP] Check Pods Manifest.lock */,
				473EFADA32CE0C3626C47527 /* [CP-User] Run Flutter Build flutter_module Script */,
				CABDCED42AA762F30037C69E /* Sources */,
				CABDCED52AA762F30037C69E /* Frameworks */,
				CABDCED62AA762F30037C69E /* Resources */,
				8B51D4878B3B11689E7E1AF5 /* [CP] Embed Pods Frameworks */,
				A057B884555C131DB63EC7DA /* [CP-User] Embed Flutter Build flutter_module Script */,
			);
			buildRules = (
			);
			dependencies = (
			);
			name = Parent_Native_iOS;
			productName = Parent_Native_iOS;
			productReference = CABDCED82AA762F30037C69E /* Parent_Native_iOS.app */;
			productType = "com.apple.product-type.application";
		};
/* End PBXNativeTarget section */

/* Begin PBXProject section */
		CABDCED02AA762F30037C69E /* Project object */ = {
			isa = PBXProject;
			attributes = {
				BuildIndependentTargetsInParallel = 1;
				LastSwiftUpdateCheck = 1430;
				LastUpgradeCheck = 1430;
				TargetAttributes = {
					CABDCED72AA762F30037C69E = {
						CreatedOnToolsVersion = 14.3.1;
					};
				};
			};
			buildConfigurationList = CABDCED32AA762F30037C69E /* Build configuration list for PBXProject "Parent_Native_iOS" */;
			compatibilityVersion = "Xcode 14.0";
			developmentRegion = en;
			hasScannedForEncodings = 0;
			knownRegions = (
				en,
				Base,
			);
			mainGroup = CABDCECF2AA762F30037C69E;
			productRefGroup = CABDCED92AA762F30037C69E /* Products */;
			projectDirPath = "";
			projectRoot = "";
			targets = (
				CABDCED72AA762F30037C69E /* Parent_Native_iOS */,
			);
		};
/* End PBXProject section */

/* Begin PBXResourcesBuildPhase section */
		CABDCED62AA762F30037C69E /* Resources */ = {
			isa = PBXResourcesBuildPhase;
			buildActionMask = 2147483647;
			files = (
				CABDCEE82AA762F40037C69E /* LaunchScreen.storyboard in Resources */,
				CABDCEE52AA762F40037C69E /* Assets.xcassets in Resources */,
				CABDCEE32AA762F30037C69E /* Main.storyboard in Resources */,
			);
			runOnlyForDeploymentPostprocessing = 0;
		};
/* End PBXResourcesBuildPhase section */

/* Begin PBXShellScriptBuildPhase section */
		442D157606EBCD2CF91B0B4D /* [CP] Check Pods Manifest.lock */ = {
			isa = PBXShellScriptBuildPhase;
			buildActionMask = 2147483647;
			files = (
			);
			inputFileListPaths = (
			);
			inputPaths = (
				"${PODS_PODFILE_DIR_PATH}/Podfile.lock",
				"${PODS_ROOT}/Manifest.lock",
			);
			name = "[CP] Check Pods Manifest.lock";
			outputFileListPaths = (
			);
			outputPaths = (
				"$(DERIVED_FILE_DIR)/Pods-Parent_Native_iOS-checkManifestLockResult.txt",
			);
			runOnlyForDeploymentPostprocessing = 0;
			shellPath = /bin/sh;
			shellScript = "diff \"${PODS_PODFILE_DIR_PATH}/Podfile.lock\" \"${PODS_ROOT}/Manifest.lock\" > /dev/null\nif [ $? != 0 ] ; then\n    # print error to STDERR\n    echo \"error: The sandbox is not in sync with the Podfile.lock. Run 'pod install' or update your CocoaPods installation.\" >&2\n    exit 1\nfi\n# This output is used by Xcode 'outputs' to avoid re-running this script phase.\necho \"SUCCESS\" > \"${SCRIPT_OUTPUT_FILE_0}\"\n";
			showEnvVarsInLog = 0;
		};
		473EFADA32CE0C3626C47527 /* [CP-User] Run Flutter Build flutter_module Script */ = {
			isa = PBXShellScriptBuildPhase;
			buildActionMask = 2147483647;
			files = (
			);
			name = "[CP-User] Run Flutter Build flutter_module Script";
			runOnlyForDeploymentPostprocessing = 0;
			shellPath = /bin/sh;
			shellScript = "set -e\nset -u\nsource \"${SRCROOT}/../Flutter_Module/.ios/Flutter/flutter_export_environment.sh\"\nexport VERBOSE_SCRIPT_LOGGING=1 && \"$FLUTTER_ROOT\"/packages/flutter_tools/bin/xcode_backend.sh build";
		};
		8B51D4878B3B11689E7E1AF5 /* [CP] Embed Pods Frameworks */ = {
			isa = PBXShellScriptBuildPhase;
			buildActionMask = 2147483647;
			files = (
			);
			inputFileListPaths = (
				"${PODS_ROOT}/Target Support Files/Pods-Parent_Native_iOS/Pods-Parent_Native_iOS-frameworks-${CONFIGURATION}-input-files.xcfilelist",
			);
			name = "[CP] Embed Pods Frameworks";
			outputFileListPaths = (
				"${PODS_ROOT}/Target Support Files/Pods-Parent_Native_iOS/Pods-Parent_Native_iOS-frameworks-${CONFIGURATION}-output-files.xcfilelist",
			);
			runOnlyForDeploymentPostprocessing = 0;
			shellPath = /bin/sh;
			shellScript = "\"${PODS_ROOT}/Target Support Files/Pods-Parent_Native_iOS/Pods-Parent_Native_iOS-frameworks.sh\"\n";
			showEnvVarsInLog = 0;
		};
		A057B884555C131DB63EC7DA /* [CP-User] Embed Flutter Build flutter_module Script */ = {
			isa = PBXShellScriptBuildPhase;
			buildActionMask = 2147483647;
			files = (
			);
			name = "[CP-User] Embed Flutter Build flutter_module Script";
			runOnlyForDeploymentPostprocessing = 0;
			shellPath = /bin/sh;
			shellScript = "set -e\nset -u\nsource \"${SRCROOT}/../Flutter_Module/.ios/Flutter/flutter_export_environment.sh\"\nexport VERBOSE_SCRIPT_LOGGING=1 && \"$FLUTTER_ROOT\"/packages/flutter_tools/bin/xcode_backend.sh embed_and_thin";
		};
/* End PBXShellScriptBuildPhase section */

/* Begin PBXSourcesBuildPhase section */
		CABDCED42AA762F30037C69E /* Sources */ = {
			isa = PBXSourcesBuildPhase;
			buildActionMask = 2147483647;
			files = (
				CABDCEE02AA762F30037C69E /* ViewController.swift in Sources */,
				CABDCEDC2AA762F30037C69E /* AppDelegate.swift in Sources */,
				CA6E75522AB08771006E4AF6 /* MethodChannelConstant.swift in Sources */,
				CA6E75542AB088FA006E4AF6 /* UserInfo.swift in Sources */,
				CABDCEDE2AA762F30037C69E /* SceneDelegate.swift in Sources */,
			);
			runOnlyForDeploymentPostprocessing = 0;
		};
/* End PBXSourcesBuildPhase section */

/* Begin PBXVariantGroup section */
		CABDCEE12AA762F30037C69E /* Main.storyboard */ = {
			isa = PBXVariantGroup;
			children = (
				CABDCEE22AA762F30037C69E /* Base */,
			);
			name = Main.storyboard;
			sourceTree = "<group>";
		};
		CABDCEE62AA762F40037C69E /* LaunchScreen.storyboard */ = {
			isa = PBXVariantGroup;
			children = (
				CABDCEE72AA762F40037C69E /* Base */,
			);
			name = LaunchScreen.storyboard;
			sourceTree = "<group>";
		};
/* End PBXVariantGroup section */

/* Begin XCBuildConfiguration section */
		CABDCEEA2AA762F40037C69E /* Debug */ = {
			isa = XCBuildConfiguration;
			buildSettings = {
				ALWAYS_SEARCH_USER_PATHS = NO;
				CLANG_ANALYZER_NONNULL = YES;
				CLANG_ANALYZER_NUMBER_OBJECT_CONVERSION = YES_AGGRESSIVE;
				CLANG_CXX_LANGUAGE_STANDARD = "gnu++20";
				CLANG_ENABLE_MODULES = YES;
				CLANG_ENABLE_OBJC_ARC = YES;
				CLANG_ENABLE_OBJC_WEAK = YES;
				CLANG_WARN_BLOCK_CAPTURE_AUTORELEASING = YES;
				CLANG_WARN_BOOL_CONVERSION = YES;
				CLANG_WARN_COMMA = YES;
				CLANG_WARN_CONSTANT_CONVERSION = YES;
				CLANG_WARN_DEPRECATED_OBJC_IMPLEMENTATIONS = YES;
				CLANG_WARN_DIRECT_OBJC_ISA_USAGE = YES_ERROR;
				CLANG_WARN_DOCUMENTATION_COMMENTS = YES;
				CLANG_WARN_EMPTY_BODY = YES;
				CLANG_WARN_ENUM_CONVERSION = YES;
				CLANG_WARN_INFINITE_RECURSION = YES;
				CLANG_WARN_INT_CONVERSION = YES;
				CLANG_WARN_NON_LITERAL_NULL_CONVERSION = YES;
				CLANG_WARN_OBJC_IMPLICIT_RETAIN_SELF = YES;
				CLANG_WARN_OBJC_LITERAL_CONVERSION = YES;
				CLANG_WARN_OBJC_ROOT_CLASS = YES_ERROR;
				CLANG_WARN_QUOTED_INCLUDE_IN_FRAMEWORK_HEADER = YES;
				CLANG_WARN_RANGE_LOOP_ANALYSIS = YES;
				CLANG_WARN_STRICT_PROTOTYPES = YES;
				CLANG_WARN_SUSPICIOUS_MOVE = YES;
				CLANG_WARN_UNGUARDED_AVAILABILITY = YES_AGGRESSIVE;
				CLANG_WARN_UNREACHABLE_CODE = YES;
				CLANG_WARN__DUPLICATE_METHOD_MATCH = YES;
				COPY_PHASE_STRIP = NO;
				DEBUG_INFORMATION_FORMAT = dwarf;
				ENABLE_STRICT_OBJC_MSGSEND = YES;
				ENABLE_TESTABILITY = YES;
				GCC_C_LANGUAGE_STANDARD = gnu11;
				GCC_DYNAMIC_NO_PIC = NO;
				GCC_NO_COMMON_BLOCKS = YES;
				GCC_OPTIMIZATION_LEVEL = 0;
				GCC_PREPROCESSOR_DEFINITIONS = (
					"DEBUG=1",
					"$(inherited)",
				);
				GCC_WARN_64_TO_32_BIT_CONVERSION = YES;
				GCC_WARN_ABOUT_RETURN_TYPE = YES_ERROR;
				GCC_WARN_UNDECLARED_SELECTOR = YES;
				GCC_WARN_UNINITIALIZED_AUTOS = YES_AGGRESSIVE;
				GCC_WARN_UNUSED_FUNCTION = YES;
				GCC_WARN_UNUSED_VARIABLE = YES;
				IPHONEOS_DEPLOYMENT_TARGET = 16.4;
				MTL_ENABLE_DEBUG_INFO = INCLUDE_SOURCE;
				MTL_FAST_MATH = YES;
				ONLY_ACTIVE_ARCH = YES;
				SDKROOT = iphoneos;
				SWIFT_ACTIVE_COMPILATION_CONDITIONS = DEBUG;
				SWIFT_OPTIMIZATION_LEVEL = "-Onone";
			};
			name = Debug;
		};
		CABDCEEB2AA762F40037C69E /* Release */ = {
			isa = XCBuildConfiguration;
			buildSettings = {
				ALWAYS_SEARCH_USER_PATHS = NO;
				CLANG_ANALYZER_NONNULL = YES;
				CLANG_ANALYZER_NUMBER_OBJECT_CONVERSION = YES_AGGRESSIVE;
				CLANG_CXX_LANGUAGE_STANDARD = "gnu++20";
				CLANG_ENABLE_MODULES = YES;
				CLANG_ENABLE_OBJC_ARC = YES;
				CLANG_ENABLE_OBJC_WEAK = YES;
				CLANG_WARN_BLOCK_CAPTURE_AUTORELEASING = YES;
				CLANG_WARN_BOOL_CONVERSION = YES;
				CLANG_WARN_COMMA = YES;
				CLANG_WARN_CONSTANT_CONVERSION = YES;
				CLANG_WARN_DEPRECATED_OBJC_IMPLEMENTATIONS = YES;
				CLANG_WARN_DIRECT_OBJC_ISA_USAGE = YES_ERROR;
				CLANG_WARN_DOCUMENTATION_COMMENTS = YES;
				CLANG_WARN_EMPTY_BODY = YES;
				CLANG_WARN_ENUM_CONVERSION = YES;
				CLANG_WARN_INFINITE_RECURSION = YES;
				CLANG_WARN_INT_CONVERSION = YES;
				CLANG_WARN_NON_LITERAL_NULL_CONVERSION = YES;
				CLANG_WARN_OBJC_IMPLICIT_RETAIN_SELF = YES;
				CLANG_WARN_OBJC_LITERAL_CONVERSION = YES;
				CLANG_WARN_OBJC_ROOT_CLASS = YES_ERROR;
				CLANG_WARN_QUOTED_INCLUDE_IN_FRAMEWORK_HEADER = YES;
				CLANG_WARN_RANGE_LOOP_ANALYSIS = YES;
				CLANG_WARN_STRICT_PROTOTYPES = YES;
				CLANG_WARN_SUSPICIOUS_MOVE = YES;
				CLANG_WARN_UNGUARDED_AVAILABILITY = YES_AGGRESSIVE;
				CLANG_WARN_UNREACHABLE_CODE = YES;
				CLANG_WARN__DUPLICATE_METHOD_MATCH = YES;
				COPY_PHASE_STRIP = NO;
				DEBUG_INFORMATION_FORMAT = "dwarf-with-dsym";
				ENABLE_NS_ASSERTIONS = NO;
				ENABLE_STRICT_OBJC_MSGSEND = YES;
				GCC_C_LANGUAGE_STANDARD = gnu11;
				GCC_NO_COMMON_BLOCKS = YES;
				GCC_WARN_64_TO_32_BIT_CONVERSION = YES;
				GCC_WARN_ABOUT_RETURN_TYPE = YES_ERROR;
				GCC_WARN_UNDECLARED_SELECTOR = YES;
				GCC_WARN_UNINITIALIZED_AUTOS = YES_AGGRESSIVE;
				GCC_WARN_UNUSED_FUNCTION = YES;
				GCC_WARN_UNUSED_VARIABLE = YES;
				IPHONEOS_DEPLOYMENT_TARGET = 16.4;
				MTL_ENABLE_DEBUG_INFO = NO;
				MTL_FAST_MATH = YES;
				SDKROOT = iphoneos;
				SWIFT_COMPILATION_MODE = wholemodule;
				SWIFT_OPTIMIZATION_LEVEL = "-O";
				VALIDATE_PRODUCT = YES;
			};
			name = Release;
		};
		CABDCEED2AA762F40037C69E /* Debug */ = {
			isa = XCBuildConfiguration;
			baseConfigurationReference = 701205B51D94F642629FEA78 /* Pods-Parent_Native_iOS.debug.xcconfig */;
			buildSettings = {
				ASSETCATALOG_COMPILER_APPICON_NAME = AppIcon;
				ASSETCATALOG_COMPILER_GLOBAL_ACCENT_COLOR_NAME = AccentColor;
				CODE_SIGN_STYLE = Automatic;
				CURRENT_PROJECT_VERSION = 1;
				DEVELOPMENT_TEAM = 7768SV27W7;
				GENERATE_INFOPLIST_FILE = YES;
				INFOPLIST_FILE = Parent_Native_iOS/Info.plist;
				INFOPLIST_KEY_UIApplicationSupportsIndirectInputEvents = YES;
				INFOPLIST_KEY_UILaunchStoryboardName = LaunchScreen;
				INFOPLIST_KEY_UIMainStoryboardFile = Main;
				INFOPLIST_KEY_UISupportedInterfaceOrientations_iPad = "UIInterfaceOrientationPortrait UIInterfaceOrientationPortraitUpsideDown UIInterfaceOrientationLandscapeLeft UIInterfaceOrientationLandscapeRight";
				INFOPLIST_KEY_UISupportedInterfaceOrientations_iPhone = "UIInterfaceOrientationPortrait UIInterfaceOrientationLandscapeLeft UIInterfaceOrientationLandscapeRight";
				LD_RUNPATH_SEARCH_PATHS = (
					"$(inherited)",
					"@executable_path/Frameworks",
				);
				MARKETING_VERSION = 1.0;
				PRODUCT_BUNDLE_IDENTIFIER = "nuhin13.Parent-Native-iOS";
				PRODUCT_NAME = "$(TARGET_NAME)";
				SWIFT_EMIT_LOC_STRINGS = YES;
				SWIFT_VERSION = 5.0;
				TARGETED_DEVICE_FAMILY = "1,2";
			};
			name = Debug;
		};
		CABDCEEE2AA762F40037C69E /* Release */ = {
			isa = XCBuildConfiguration;
			baseConfigurationReference = 32098D5E8866BC46F9615BD9 /* Pods-Parent_Native_iOS.release.xcconfig */;
			buildSettings = {
				ASSETCATALOG_COMPILER_APPICON_NAME = AppIcon;
				ASSETCATALOG_COMPILER_GLOBAL_ACCENT_COLOR_NAME = AccentColor;
				CODE_SIGN_STYLE = Automatic;
				CURRENT_PROJECT_VERSION = 1;
				DEVELOPMENT_TEAM = 7768SV27W7;
				GENERATE_INFOPLIST_FILE = YES;
				INFOPLIST_FILE = Parent_Native_iOS/Info.plist;
				INFOPLIST_KEY_UIApplicationSupportsIndirectInputEvents = YES;
				INFOPLIST_KEY_UILaunchStoryboardName = LaunchScreen;
				INFOPLIST_KEY_UIMainStoryboardFile = Main;
				INFOPLIST_KEY_UISupportedInterfaceOrientations_iPad = "UIInterfaceOrientationPortrait UIInterfaceOrientationPortraitUpsideDown UIInterfaceOrientationLandscapeLeft UIInterfaceOrientationLandscapeRight";
				INFOPLIST_KEY_UISupportedInterfaceOrientations_iPhone = "UIInterfaceOrientationPortrait UIInterfaceOrientationLandscapeLeft UIInterfaceOrientationLandscapeRight";
				LD_RUNPATH_SEARCH_PATHS = (
					"$(inherited)",
					"@executable_path/Frameworks",
				);
				MARKETING_VERSION = 1.0;
				PRODUCT_BUNDLE_IDENTIFIER = "nuhin13.Parent-Native-iOS";
				PRODUCT_NAME = "$(TARGET_NAME)";
				SWIFT_EMIT_LOC_STRINGS = YES;
				SWIFT_VERSION = 5.0;
				TARGETED_DEVICE_FAMILY = "1,2";
			};
			name = Release;
		};
/* End XCBuildConfiguration section */

/* Begin XCConfigurationList section */
		CABDCED32AA762F30037C69E /* Build configuration list for PBXProject "Parent_Native_iOS" */ = {
			isa = XCConfigurationList;
			buildConfigurations = (
				CABDCEEA2AA762F40037C69E /* Debug */,
				CABDCEEB2AA762F40037C69E /* Release */,
			);
			defaultConfigurationIsVisible = 0;
			defaultConfigurationName = Release;
		};
		CABDCEEC2AA762F40037C69E /* Build configuration list for PBXNativeTarget "Parent_Native_iOS" */ = {
			isa = XCConfigurationList;
			buildConfigurations = (
				CABDCEED2AA762F40037C69E /* Debug */,
				CABDCEEE2AA762F40037C69E /* Release */,
			);
			defaultConfigurationIsVisible = 0;
			defaultConfigurationName = Release;
		};
/* End XCConfigurationList section */
	};
	rootObject = CABDCED02AA762F30037C69E /* Project object */;
}
